PODS:
  - Flutter (1.0.0)
  - integration_test (0.0.1):
    - Flutter
  - wallet_plugin (0.0.1):
    - Flutter

DEPENDENCIES:
  - Flutter (from `Flutter`)
  - integration_test (from `.symlinks/plugins/integration_test/ios`)
  - wallet_plugin (from `.symlinks/plugins/wallet_plugin/ios`)

EXTERNAL SOURCES:
  Flutter:
    :path: Flutter
  integration_test:
    :path: ".symlinks/plugins/integration_test/ios"
  wallet_plugin:
    :path: ".symlinks/plugins/wallet_plugin/ios"

SPEC CHECKSUMS:
  Flutter: e0871f40cf51350855a761d2e70bf5af5b9b5de7
  integration_test: 13825b8a9334a850581300559b8839134b124670
  wallet_plugin: 0176b4e062e59733bc1c5bcb74f5d4b039bdf2ce

PODFILE CHECKSUM: 819463e6a0290f5a72f145ba7cde16e8b6ef0796

COCOAPODS: 1.14.3
